
Microsoft Visual Studio Solution File, Format Version 12.00
# Visual Studio Version 17
VisualStudioVersion = 17.6.33829.357
MinimumVisualStudioVersion = 10.0.40219.1
Project("{FAE04EC0-301F-11D3-BF4B-00C04F79EFBC}") = "ProEventosAPI", "ProEventosAPI\ProEventosAPI.csproj", "{18950FF5-A983-4C88-872E-F5579E7D948A}"
EndProject
Global
	GlobalSection(SolutionConfigurationPlatforms) = preSolution
		Debug|Any CPU = Debug|Any CPU
		Release|Any CPU = Release|Any CPU
	EndGlobalSection
	GlobalSection(ProjectConfigurationPlatforms) = postSolution
		{18950FF5-A983-4C88-872E-F5579E7D948A}.Debug|Any CPU.ActiveCfg = Debug|Any CPU
		{18950FF5-A983-4C88-872E-F5579E7D948A}.Debug|Any CPU.Build.0 = Debug|Any CPU
		{18950FF5-A983-4C88-872E-F5579E7D948A}.Release|Any CPU.ActiveCfg = Release|Any CPU
		{18950FF5-A983-4C88-872E-F5579E7D948A}.Release|Any CPU.Build.0 = Release|Any CPU
	EndGlobalSection
	GlobalSection(SolutionProperties) = preSolution
		HideSolutionNode = FALSE
	EndGlobalSection
	GlobalSection(ExtensibilityGlobals) = postSolution
		SolutionGuid = {6BA03B1F-DFB7-4B24-AAD6-51B37E4D1CC5}
	EndGlobalSection
EndGlobal
